
Microsoft Visual Studio Solution File, Format Version 12.00
# Visual Studio Version 16
VisualStudioVersion = 25.0.1706.0
MinimumVisualStudioVersion = 10.0.40219.1
Project("{FAE04EC0-301F-11D3-BF4B-00C04F79EFBC}") = "blazorXR3F", "blazorXR3F.csproj", "{153F5E1E-C77A-4CCA-9DA9-ED8B6CB04671}"
EndProject
Global
	GlobalSection(SolutionConfigurationPlatforms) = preSolution
		Debug|Any CPU = Debug|Any CPU
		Release|Any CPU = Release|Any CPU
	EndGlobalSection
	GlobalSection(ProjectConfigurationPlatforms) = postSolution
		{153F5E1E-C77A-4CCA-9DA9-ED8B6CB04671}.Debug|Any CPU.ActiveCfg = Debug|Any CPU
		{153F5E1E-C77A-4CCA-9DA9-ED8B6CB04671}.Debug|Any CPU.Build.0 = Debug|Any CPU
		{153F5E1E-C77A-4CCA-9DA9-ED8B6CB04671}.Release|Any CPU.ActiveCfg = Release|Any CPU
		{153F5E1E-C77A-4CCA-9DA9-ED8B6CB04671}.Release|Any CPU.Build.0 = Release|Any CPU
	EndGlobalSection
	GlobalSection(SolutionProperties) = preSolution
		HideSolutionNode = FALSE
	EndGlobalSection
	GlobalSection(ExtensibilityGlobals) = postSolution
		SolutionGuid = {CCCEE00D-FB47-4DCA-B237-617718479E68}
	EndGlobalSection
EndGlobal
